Microsoft Visual Studio Solution File, Format Version 12.00
# Visual Studio Version 17
VisualStudioVersion = 17.5.2.0
MinimumVisualStudioVersion = 10.0.40219.1
Project("{FAE04EC0-301F-11D3-BF4B-00C04F79EFBC}") = "Vulnerable_Application", "Vulnerable_Application\Vulnerable_Application.csproj", "{B293C6EE-9103-5416-BE33-FEF910C2ABA7}"
EndProject
Project("{FAE04EC0-301F-11D3-BF4B-00C04F79EFBC}") = "Secure_Application", "Secure_Application\Secure_Application.csproj", "{2CDE8055-4C9B-42A2-BFD3-3C4DDEC6EEDE}"
EndProject
Global
	GlobalSection(SolutionConfigurationPlatforms) = preSolution
		Debug|Any CPU = Debug|Any CPU
		Release|Any CPU = Release|Any CPU
	EndGlobalSection
	GlobalSection(ProjectConfigurationPlatforms) = postSolution
		{B293C6EE-9103-5416-BE33-FEF910C2ABA7}.Debug|Any CPU.ActiveCfg = Debug|Any CPU
		{B293C6EE-9103-5416-BE33-FEF910C2ABA7}.Debug|Any CPU.Build.0 = Debug|Any CPU
		{B293C6EE-9103-5416-BE33-FEF910C2ABA7}.Release|Any CPU.ActiveCfg = Release|Any CPU
		{B293C6EE-9103-5416-BE33-FEF910C2ABA7}.Release|Any CPU.Build.0 = Release|Any CPU
		{2CDE8055-4C9B-42A2-BFD3-3C4DDEC6EEDE}.Debug|Any CPU.ActiveCfg = Debug|Any CPU
		{2CDE8055-4C9B-42A2-BFD3-3C4DDEC6EEDE}.Debug|Any CPU.Build.0 = Debug|Any CPU
		{2CDE8055-4C9B-42A2-BFD3-3C4DDEC6EEDE}.Release|Any CPU.ActiveCfg = Release|Any CPU
		{2CDE8055-4C9B-42A2-BFD3-3C4DDEC6EEDE}.Release|Any CPU.Build.0 = Release|Any CPU
	EndGlobalSection
	GlobalSection(SolutionProperties) = preSolution
		HideSolutionNode = FALSE
	EndGlobalSection
	GlobalSection(ExtensibilityGlobals) = postSolution
		SolutionGuid = {E2CAF10D-E545-4B9A-8E0E-957A2131BA9A}
	EndGlobalSection
EndGlobal
